
Microsoft Visual Studio Solution File, Format Version 12.00
# Visual Studio 15
VisualStudioVersion = 15.0.28010.2041
MinimumVisualStudioVersion = 10.0.40219.1
Project("{FAE04EC0-301F-11D3-BF4B-00C04F79EFBC}") = "DoAnKhoaIT2", "DoAnKhoaIT2\DoAnKhoaIT2.csproj", "{F9540167-6CD4-4D72-833D-54B79A6198C5}"
EndProject
Project("{FAE04EC0-301F-11D3-BF4B-00C04F79EFBC}") = "Models", "Models\Models.csproj", "{121E9E8E-B76D-4C00-9FC3-E85F86061D1B}"
EndProject
Global
	GlobalSection(SolutionConfigurationPlatforms) = preSolution
		Debug|Any CPU = Debug|Any CPU
		Release|Any CPU = Release|Any CPU
	EndGlobalSection
	GlobalSection(ProjectConfigurationPlatforms) = postSolution
		{F9540167-6CD4-4D72-833D-54B79A6198C5}.Debug|Any CPU.ActiveCfg = Debug|Any CPU
		{F9540167-6CD4-4D72-833D-54B79A6198C5}.Debug|Any CPU.Build.0 = Debug|Any CPU
		{F9540167-6CD4-4D72-833D-54B79A6198C5}.Release|Any CPU.ActiveCfg = Release|Any CPU
		{F9540167-6CD4-4D72-833D-54B79A6198C5}.Release|Any CPU.Build.0 = Release|Any CPU
		{121E9E8E-B76D-4C00-9FC3-E85F86061D1B}.Debug|Any CPU.ActiveCfg = Debug|Any CPU
		{121E9E8E-B76D-4C00-9FC3-E85F86061D1B}.Debug|Any CPU.Build.0 = Debug|Any CPU
		{121E9E8E-B76D-4C00-9FC3-E85F86061D1B}.Release|Any CPU.ActiveCfg = Release|Any CPU
		{121E9E8E-B76D-4C00-9FC3-E85F86061D1B}.Release|Any CPU.Build.0 = Release|Any CPU
	EndGlobalSection
	GlobalSection(SolutionProperties) = preSolution
		HideSolutionNode = FALSE
	EndGlobalSection
	GlobalSection(ExtensibilityGlobals) = postSolution
		SolutionGuid = {C856E0EC-681A-407F-B77D-D28BB471CD5C}
	EndGlobalSection
EndGlobal
